
Microsoft Visual Studio Solution File, Format Version 12.00
# Visual Studio Version 17
VisualStudioVersion = 17.6.33723.286
MinimumVisualStudioVersion = 10.0.40219.1
Project("{F184B08F-C81C-45F6-A57F-5ABD9991F28F}") = "SoftwareSales", "SoftwareSales.vbproj", "{666AACDD-C65F-42CB-9D7E-236DB6489DF4}"
EndProject
Global
	GlobalSection(SolutionConfigurationPlatforms) = preSolution
		Debug|Any CPU = Debug|Any CPU
		Release|Any CPU = Release|Any CPU
	EndGlobalSection
	GlobalSection(ProjectConfigurationPlatforms) = postSolution
		{666AACDD-C65F-42CB-9D7E-236DB6489DF4}.Debug|Any CPU.ActiveCfg = Debug|Any CPU
		{666AACDD-C65F-42CB-9D7E-236DB6489DF4}.Debug|Any CPU.Build.0 = Debug|Any CPU
		{666AACDD-C65F-42CB-9D7E-236DB6489DF4}.Release|Any CPU.ActiveCfg = Release|Any CPU
		{666AACDD-C65F-42CB-9D7E-236DB6489DF4}.Release|Any CPU.Build.0 = Release|Any CPU
	EndGlobalSection
	GlobalSection(SolutionProperties) = preSolution
		HideSolutionNode = FALSE
	EndGlobalSection
	GlobalSection(ExtensibilityGlobals) = postSolution
		SolutionGuid = {AAC5A335-CDB1-4942-BD3C-F3D02D07C071}
	EndGlobalSection
EndGlobal
